
Microsoft Visual Studio Solution File, Format Version 12.00
# Visual Studio 15
VisualStudioVersion = 15.0.26730.10
MinimumVisualStudioVersion = 10.0.40219.1
Project("{9A19103F-16F7-4668-BE54-9A1E7A4F7556}") = "NetCoreSample.HelloWorld", "NetCoreSample.HelloWorld\NetCoreSample.HelloWorld.csproj", "{FB8207C5-1F6C-451A-900A-E00ABD0E4372}"
EndProject
Project("{FAE04EC0-301F-11D3-BF4B-00C04F79EFBC}") = "NetCoreSample.NetFrameworkCsproj", "NetCoreSample.NetFrameworkCsproj\NetCoreSample.NetFrameworkCsproj.csproj", "{126599E2-949C-4507-A71F-B8994F2A96F1}"
EndProject
Project("{9A19103F-16F7-4668-BE54-9A1E7A4F7556}") = "NetCoreSample.StandardLibrary", "NetCoreSample.StandardLibrary\NetCoreSample.StandardLibrary.csproj", "{B38173A2-4FA1-4F95-B339-401AFC988C3B}"
EndProject
Project("{FAE04EC0-301F-11D3-BF4B-00C04F79EFBC}") = "NetCoreSample.MessagePackCore", "NetCoreSample.MessagePackCore\NetCoreSample.MessagePackCore.csproj", "{FB114E52-511C-48EE-A4EE-ABE1E7715B43}"
EndProject
Project("{FAE04EC0-301F-11D3-BF4B-00C04F79EFBC}") = "NetCoreSample.MessagePackNet461", "NetCoreSample.MessagePackNet461\NetCoreSample.MessagePackNet461.csproj", "{E3E7252B-871A-4573-8D94-A772DADCDB54}"
EndProject
Global
	GlobalSection(SolutionConfigurationPlatforms) = preSolution
		Debug|Any CPU = Debug|Any CPU
		Release|Any CPU = Release|Any CPU
	EndGlobalSection
	GlobalSection(ProjectConfigurationPlatforms) = postSolution
		{FB8207C5-1F6C-451A-900A-E00ABD0E4372}.Debug|Any CPU.ActiveCfg = Debug|Any CPU
		{FB8207C5-1F6C-451A-900A-E00ABD0E4372}.Debug|Any CPU.Build.0 = Debug|Any CPU
		{FB8207C5-1F6C-451A-900A-E00ABD0E4372}.Release|Any CPU.ActiveCfg = Release|Any CPU
		{FB8207C5-1F6C-451A-900A-E00ABD0E4372}.Release|Any CPU.Build.0 = Release|Any CPU
		{126599E2-949C-4507-A71F-B8994F2A96F1}.Debug|Any CPU.ActiveCfg = Debug|Any CPU
		{126599E2-949C-4507-A71F-B8994F2A96F1}.Debug|Any CPU.Build.0 = Debug|Any CPU
		{126599E2-949C-4507-A71F-B8994F2A96F1}.Release|Any CPU.ActiveCfg = Release|Any CPU
		{126599E2-949C-4507-A71F-B8994F2A96F1}.Release|Any CPU.Build.0 = Release|Any CPU
		{B38173A2-4FA1-4F95-B339-401AFC988C3B}.Debug|Any CPU.ActiveCfg = Debug|Any CPU
		{B38173A2-4FA1-4F95-B339-401AFC988C3B}.Debug|Any CPU.Build.0 = Debug|Any CPU
		{B38173A2-4FA1-4F95-B339-401AFC988C3B}.Release|Any CPU.ActiveCfg = Release|Any CPU
		{B38173A2-4FA1-4F95-B339-401AFC988C3B}.Release|Any CPU.Build.0 = Release|Any CPU
		{FB114E52-511C-48EE-A4EE-ABE1E7715B43}.Debug|Any CPU.ActiveCfg = Debug|Any CPU
		{FB114E52-511C-48EE-A4EE-ABE1E7715B43}.Debug|Any CPU.Build.0 = Debug|Any CPU
		{FB114E52-511C-48EE-A4EE-ABE1E7715B43}.Release|Any CPU.ActiveCfg = Release|Any CPU
		{FB114E52-511C-48EE-A4EE-ABE1E7715B43}.Release|Any CPU.Build.0 = Release|Any CPU
		{E3E7252B-871A-4573-8D94-A772DADCDB54}.Debug|Any CPU.ActiveCfg = Debug|Any CPU
		{E3E7252B-871A-4573-8D94-A772DADCDB54}.Debug|Any CPU.Build.0 = Debug|Any CPU
		{E3E7252B-871A-4573-8D94-A772DADCDB54}.Release|Any CPU.ActiveCfg = Release|Any CPU
		{E3E7252B-871A-4573-8D94-A772DADCDB54}.Release|Any CPU.Build.0 = Release|Any CPU
	EndGlobalSection
	GlobalSection(SolutionProperties) = preSolution
		HideSolutionNode = FALSE
	EndGlobalSection
	GlobalSection(ExtensibilityGlobals) = postSolution
		SolutionGuid = {E785CD23-4BB5-4389-8E90-C16A45F26133}
	EndGlobalSection
EndGlobal
